{
    "hash": "4c9961e5c02d5efd97eb4171daa022f8",
    "packages": [
        {
            "package": "ac/transcoding",
            "version": "dev-master",
            "source-reference": "40c07b47066a2104f332d90eba9641b8fd0ec88d"
        },
        {
            "package": "monolog/monolog",
            "version": "dev-master",
            "source-reference": "59fb9f41be22b246f5e5d3bd8a012ed77f44a7d0",
            "commit-date": "1342167011"
        },
        {
            "package": "pimple/pimple",
            "version": "dev-master",
            "source-reference": "db836b8cfadc0f39dacafa2bf311a1ab603600bb",
            "commit-date": "1343051648"
        },
        {
            "package": "symfony/class-loader",
            "version": "dev-master",
            "source-reference": "v2.1.0-BETA4",
            "commit-date": "1342347231"
        },
        {
            "package": "symfony/console",
            "version": "dev-master",
            "source-reference": "v2.1.0-BETA4",
            "commit-date": "1342347231"
        },
        {
            "package": "symfony/event-dispatcher",
            "version": "dev-master",
            "alias-pretty-version": "2.1.x-dev",
            "alias-version": "2.1.9999999.9999999-dev"
        },
        {
            "package": "symfony/event-dispatcher",
            "version": "dev-master",
            "source-reference": "v2.1.0-BETA4",
            "commit-date": "1342739894"
        },
        {
            "package": "symfony/finder",
            "version": "dev-master",
            "source-reference": "v2.1.0-BETA4",
            "commit-date": "1342778082"
        },
        {
            "package": "symfony/process",
            "version": "dev-master",
            "alias-pretty-version": "2.1.x-dev",
            "alias-version": "2.1.9999999.9999999-dev"
        },
        {
            "package": "symfony/process",
            "version": "dev-master",
            "source-reference": "v2.1.0-BETA4",
            "commit-date": "1342632812"
        }
    ],
    "packages-dev": null,
    "aliases": [

    ],
    "minimum-stability": "dev",
    "stability-flags": {
        "ac/transcoding": 20,
        "symfony/console": 20,
        "symfony/event-dispatcher": 20,
        "symfony/finder": 20,
        "symfony/class-loader": 20,
        "pimple/pimple": 20,
        "monolog/monolog": 20,
        "symfony/process": 20
    }
}
